
Microsoft Visual Studio Solution File, Format Version 12.00
# Visual Studio 2017
Project("{FAE04EC0-301F-11D3-BF4B-00C04F79EFBC}") = "Rally.Plugins", "Rally.Plugins.csproj", "{49F5C9EF-6EAD-48CA-6492-DD4622C6F370}"
EndProject
Global
	GlobalSection(SolutionConfigurationPlatforms) = preSolution
		Debug|Any CPU = Debug|Any CPU
		Release|Any CPU = Release|Any CPU
	EndGlobalSection
	GlobalSection(ProjectConfigurationPlatforms) = postSolution
		{49F5C9EF-6EAD-48CA-6492-DD4622C6F370}.Debug|Any CPU.ActiveCfg = Debug|Any CPU
		{49F5C9EF-6EAD-48CA-6492-DD4622C6F370}.Debug|Any CPU.Build.0 = Debug|Any CPU
		{49F5C9EF-6EAD-48CA-6492-DD4622C6F370}.Release|Any CPU.ActiveCfg = Release|Any CPU
		{49F5C9EF-6EAD-48CA-6492-DD4622C6F370}.Release|Any CPU.Build.0 = Release|Any CPU
	EndGlobalSection
	GlobalSection(SolutionProperties) = preSolution
		HideSolutionNode = FALSE
	EndGlobalSection
EndGlobal
